// !$*UTF8*$!
{
	archiveVersion = 1;
	classes = {
	};
	objectVersion = 46;
	objects = {

/* Begin PBXBuildFile section */
		531B43C01DDA7192003EA568 /* AppDelegate.swift in Sources */ = {isa = PBXBuildFile; fileRef = 531B43BF1DDA7192003EA568 /* AppDelegate.swift */; };
		531B43C21DDA7192003EA568 /* EhVC.swift in Sources */ = {isa = PBXBuildFile; fileRef = 531B43C11DDA7192003EA568 /* EhVC.swift */; };
		531B43C41DDA7192003EA568 /* BeeVC.swift in Sources */ = {isa = PBXBuildFile; fileRef = 531B43C31DDA7192003EA568 /* BeeVC.swift */; };
		531B43C71DDA7192003EA568 /* Main.storyboard in Resources */ = {isa = PBXBuildFile; fileRef = 531B43C51DDA7192003EA568 /* Main.storyboard */; };
		531B43C91DDA7192003EA568 /* Assets.xcassets in Resources */ = {isa = PBXBuildFile; fileRef = 531B43C81DDA7192003EA568 /* Assets.xcassets */; };
		531B43CC1DDA7192003EA568 /* LaunchScreen.storyboard in Resources */ = {isa = PBXBuildFile; fileRef = 531B43CA1DDA7192003EA568 /* LaunchScreen.storyboard */; };
		531B43D41DDA74FB003EA568 /* SeaVC.swift in Sources */ = {isa = PBXBuildFile; fileRef = 531B43D31DDA74FB003EA568 /* SeaVC.swift */; };
/* End PBXBuildFile section */

/* Begin PBXFileReference section */
		531B43BC1DDA7192003EA568 /* Git-ICE-tm.app */ = {isa = PBXFileReference; explicitFileType = wrapper.application; includeInIndex = 0; path = "Git-ICE-tm.app"; sourceTree = BUILT_PRODUCTS_DIR; };
		531B43BF1DDA7192003EA568 /* AppDelegate.swift */ = {isa = PBXFileReference; lastKnownFileType = sourcecode.swift; path = AppDelegate.swift; sourceTree = "<group>"; };
		531B43C11DDA7192003EA568 /* EhVC.swift */ = {isa = PBXFileReference; lastKnownFileType = sourcecode.swift; path = EhVC.swift; sourceTree = "<group>"; };
		531B43C31DDA7192003EA568 /* BeeVC.swift */ = {isa = PBXFileReference; lastKnownFileType = sourcecode.swift; path = BeeVC.swift; sourceTree = "<group>"; };
		531B43C61DDA7192003EA568 /* Base */ = {isa = PBXFileReference; lastKnownFileType = file.storyboard; name = Base; path = Base.lproj/Main.storyboard; sourceTree = "<group>"; };
		531B43C81DDA7192003EA568 /* Assets.xcassets */ = {isa = PBXFileReference; lastKnownFileType = folder.assetcatalog; path = Assets.xcassets; sourceTree = "<group>"; };
		531B43CB1DDA7192003EA568 /* Base */ = {isa = PBXFileReference; lastKnownFileType = file.storyboard; name = Base; path = Base.lproj/LaunchScreen.storyboard; sourceTree = "<group>"; };
		531B43CD1DDA7192003EA568 /* Info.plist */ = {isa = PBXFileReference; lastKnownFileType = text.plist.xml; path = Info.plist; sourceTree = "<group>"; };
		531B43D31DDA74FB003EA568 /* SeaVC.swift */ = {isa = PBXFileReference; fileEncoding = 4; lastKnownFileType = sourcecode.swift; path = SeaVC.swift; sourceTree = "<group>"; };
/* End PBXFileReference section */

/* Begin PBXFrameworksBuildPhase section */
		531B43B91DDA7192003EA568 /* Frameworks */ = {
			isa = PBXFrameworksBuildPhase;
			buildActionMask = 2147483647;
			files = (
			);
			runOnlyForDeploymentPostprocessing = 0;
		};
/* End PBXFrameworksBuildPhase section */

/* Begin PBXGroup section */
		531B43B31DDA7192003EA568 = {
			isa = PBXGroup;
			children = (
				531B43BE1DDA7192003EA568 /* Git-ICE-tm */,
				531B43BD1DDA7192003EA568 /* Products */,
			);
			sourceTree = "<group>";
		};
		531B43BD1DDA7192003EA568 /* Products */ = {
			isa = PBXGroup;
			children = (
				531B43BC1DDA7192003EA568 /* Git-ICE-tm.app */,
			);
			name = Products;
			sourceTree = "<group>";
		};
		531B43BE1DDA7192003EA568 /* Git-ICE-tm */ = {
			isa = PBXGroup;
			children = (
				531B43BF1DDA7192003EA568 /* AppDelegate.swift */,
				531B43C11DDA7192003EA568 /* EhVC.swift */,
				531B43C31DDA7192003EA568 /* BeeVC.swift */,
				531B43C51DDA7192003EA568 /* Main.storyboard */,
				531B43D31DDA74FB003EA568 /* SeaVC.swift */,
				531B43C81DDA7192003EA568 /* Assets.xcassets */,
				531B43CA1DDA7192003EA568 /* LaunchScreen.storyboard */,
				531B43CD1DDA7192003EA568 /* Info.plist */,
			);
			path = "Git-ICE-tm";
			sourceTree = "<group>";
		};
/* End PBXGroup section */

/* Begin PBXNativeTarget section */
		531B43BB1DDA7192003EA568 /* Git-ICE-tm */ = {
			isa = PBXNativeTarget;
			buildConfigurationList = 531B43D01DDA7192003EA568 /* Build configuration list for PBXNativeTarget "Git-ICE-tm" */;
			buildPhases = (
				531B43B81DDA7192003EA568 /* Sources */,
				531B43B91DDA7192003EA568 /* Frameworks */,
				531B43BA1DDA7192003EA568 /* Resources */,
			);
			buildRules = (
			);
			dependencies = (
			);
			name = "Git-ICE-tm";
			productName = "Git-ICE-tm";
			productReference = 531B43BC1DDA7192003EA568 /* Git-ICE-tm.app */;
			productType = "com.apple.product-type.application";
		};
/* End PBXNativeTarget section */

/* Begin PBXProject section */
		531B43B41DDA7192003EA568 /* Project object */ = {
			isa = PBXProject;
			attributes = {
				LastSwiftUpdateCheck = 0730;
				LastUpgradeCheck = 0730;
				ORGANIZATIONNAME = "Thakkellapati,Meghana";
				TargetAttributes = {
					531B43BB1DDA7192003EA568 = {
						CreatedOnToolsVersion = 7.3.1;
					};
				};
			};
			buildConfigurationList = 531B43B71DDA7192003EA568 /* Build configuration list for PBXProject "Git-ICE-tm" */;
			compatibilityVersion = "Xcode 3.2";
			developmentRegion = English;
			hasScannedForEncodings = 0;
			knownRegions = (
				en,
				Base,
			);
			mainGroup = 531B43B31DDA7192003EA568;
			productRefGroup = 531B43BD1DDA7192003EA568 /* Products */;
			projectDirPath = "";
			projectRoot = "";
			targets = (
				531B43BB1DDA7192003EA568 /* Git-ICE-tm */,
			);
		};
/* End PBXProject section */

/* Begin PBXResourcesBuildPhase section */
		531B43BA1DDA7192003EA568 /* Resources */ = {
			isa = PBXResourcesBuildPhase;
			buildActionMask = 2147483647;
			files = (
				531B43CC1DDA7192003EA568 /* LaunchScreen.storyboard in Resources */,
				531B43C91DDA7192003EA568 /* Assets.xcassets in Resources */,
				531B43C71DDA7192003EA568 /* Main.storyboard in Resources */,
			);
			runOnlyForDeploymentPostprocessing = 0;
		};
/* End PBXResourcesBuildPhase section */

/* Begin PBXSourcesBuildPhase section */
		531B43B81DDA7192003EA568 /* Sources */ = {
			isa = PBXSourcesBuildPhase;
			buildActionMask = 2147483647;
			files = (
				531B43C41DDA7192003EA568 /* BeeVC.swift in Sources */,
				531B43D41DDA74FB003EA568 /* SeaVC.swift in Sources */,
				531B43C01DDA7192003EA568 /* AppDelegate.swift in Sources */,
				531B43C21DDA7192003EA568 /* EhVC.swift in Sources */,
			);
			runOnlyForDeploymentPostprocessing = 0;
		};
/* End PBXSourcesBuildPhase section */

/* Begin PBXVariantGroup section */
		531B43C51DDA7192003EA568 /* Main.storyboard */ = {
			isa = PBXVariantGroup;
			children = (
				531B43C61DDA7192003EA568 /* Base */,
			);
			name = Main.storyboard;
			sourceTree = "<group>";
		};
		531B43CA1DDA7192003EA568 /* LaunchScreen.storyboard */ = {
			isa = PBXVariantGroup;
			children = (
				531B43CB1DDA7192003EA568 /* Base */,
			);
			name = LaunchScreen.storyboard;
			sourceTree = "<group>";
		};
/* End PBXVariantGroup section */

/* Begin XCBuildConfiguration section */
		531B43CE1DDA7192003EA568 /* Debug */ = {
			isa = XCBuildConfiguration;
			buildSettings = {
				ALWAYS_SEARCH_USER_PATHS = NO;
				CLANG_ANALYZER_NONNULL = YES;
				CLANG_CXX_LANGUAGE_STANDARD = "gnu++0x";
				CLANG_CXX_LIBRARY = "libc++";
				CLANG_ENABLE_MODULES = YES;
				CLANG_ENABLE_OBJC_ARC = YES;
				CLANG_WARN_BOOL_CONVERSION = YES;
				CLANG_WARN_CONSTANT_CONVERSION = YES;
				CLANG_WARN_DIRECT_OBJC_ISA_USAGE = YES_ERROR;
				CLANG_WARN_EMPTY_BODY = YES;
				CLANG_WARN_ENUM_CONVERSION = YES;
				CLANG_WARN_INT_CONVERSION = YES;
				CLANG_WARN_OBJC_ROOT_CLASS = YES_ERROR;
				CLANG_WARN_UNREACHABLE_CODE = YES;
				CLANG_WARN__DUPLICATE_METHOD_MATCH = YES;
				"CODE_SIGN_IDENTITY[sdk=iphoneos*]" = "iPhone Developer";
				COPY_PHASE_STRIP = NO;
				DEBUG_INFORMATION_FORMAT = dwarf;
				ENABLE_STRICT_OBJC_MSGSEND = YES;
				ENABLE_TESTABILITY = YES;
				GCC_C_LANGUAGE_STANDARD = gnu99;
				GCC_DYNAMIC_NO_PIC = NO;
				GCC_NO_COMMON_BLOCKS = YES;
				GCC_OPTIMIZATION_LEVEL = 0;
				GCC_PREPROCESSOR_DEFINITIONS = (
					"DEBUG=1",
					"$(inherited)",
				);
				GCC_WARN_64_TO_32_BIT_CONVERSION = YES;
				GCC_WARN_ABOUT_RETURN_TYPE = YES_ERROR;
				GCC_WARN_UNDECLARED_SELECTOR = YES;
				GCC_WARN_UNINITIALIZED_AUTOS = YES_AGGRESSIVE;
				GCC_WARN_UNUSED_FUNCTION = YES;
				GCC_WARN_UNUSED_VARIABLE = YES;
				IPHONEOS_DEPLOYMENT_TARGET = 9.3;
				MTL_ENABLE_DEBUG_INFO = YES;
				ONLY_ACTIVE_ARCH = YES;
				SDKROOT = iphoneos;
				SWIFT_OPTIMIZATION_LEVEL = "-Onone";
			};
			name = Debug;
		};
		531B43CF1DDA7192003EA568 /* Release */ = {
			isa = XCBuildConfiguration;
			buildSettings = {
				ALWAYS_SEARCH_USER_PATHS = NO;
				CLANG_ANALYZER_NONNULL = YES;
				CLANG_CXX_LANGUAGE_STANDARD = "gnu++0x";
				CLANG_CXX_LIBRARY = "libc++";
				CLANG_ENABLE_MODULES = YES;
				CLANG_ENABLE_OBJC_ARC = YES;
				CLANG_WARN_BOOL_CONVERSION = YES;
				CLANG_WARN_CONSTANT_CONVERSION = YES;
				CLANG_WARN_DIRECT_OBJC_ISA_USAGE = YES_ERROR;
				CLANG_WARN_EMPTY_BODY = YES;
				CLANG_WARN_ENUM_CONVERSION = YES;
				CLANG_WARN_INT_CONVERSION = YES;
				CLANG_WARN_OBJC_ROOT_CLASS = YES_ERROR;
				CLANG_WARN_UNREACHABLE_CODE = YES;
				CLANG_WARN__DUPLICATE_METHOD_MATCH = YES;
				"CODE_SIGN_IDENTITY[sdk=iphoneos*]" = "iPhone Developer";
				COPY_PHASE_STRIP = NO;
				DEBUG_INFORMATION_FORMAT = "dwarf-with-dsym";
				ENABLE_NS_ASSERTIONS = NO;
				ENABLE_STRICT_OBJC_MSGSEND = YES;
				GCC_C_LANGUAGE_STANDARD = gnu99;
				GCC_NO_COMMON_BLOCKS = YES;
				GCC_WARN_64_TO_32_BIT_CONVERSION = YES;
				GCC_WARN_ABOUT_RETURN_TYPE = YES_ERROR;
				GCC_WARN_UNDECLARED_SELECTOR = YES;
				GCC_WARN_UNINITIALIZED_AUTOS = YES_AGGRESSIVE;
				GCC_WARN_UNUSED_FUNCTION = YES;
				GCC_WARN_UNUSED_VARIABLE = YES;
				IPHONEOS_DEPLOYMENT_TARGET = 9.3;
				MTL_ENABLE_DEBUG_INFO = NO;
				SDKROOT = iphoneos;
				VALIDATE_PRODUCT = YES;
			};
			name = Release;
		};
		531B43D11DDA7192003EA568 /* Debug */ = {
			isa = XCBuildConfiguration;
			buildSettings = {
				ASSETCATALOG_COMPILER_APPICON_NAME = AppIcon;
				INFOPLIST_FILE = "Git-ICE-tm/Info.plist";
				LD_RUNPATH_SEARCH_PATHS = "$(inherited) @executable_path/Frameworks";
				PRODUCT_BUNDLE_IDENTIFIER = "edu.nwmissouri.Git-ICE-tm";
				PRODUCT_NAME = "$(TARGET_NAME)";
			};
			name = Debug;
		};
		531B43D21DDA7192003EA568 /* Release */ = {
			isa = XCBuildConfiguration;
			buildSettings = {
				ASSETCATALOG_COMPILER_APPICON_NAME = AppIcon;
				INFOPLIST_FILE = "Git-ICE-tm/Info.plist";
				LD_RUNPATH_SEARCH_PATHS = "$(inherited) @executable_path/Frameworks";
				PRODUCT_BUNDLE_IDENTIFIER = "edu.nwmissouri.Git-ICE-tm";
				PRODUCT_NAME = "$(TARGET_NAME)";
			};
			name = Release;
		};
/* End XCBuildConfiguration section */

/* Begin XCConfigurationList section */
		531B43B71DDA7192003EA568 /* Build configuration list for PBXProject "Git-ICE-tm" */ = {
			isa = XCConfigurationList;
			buildConfigurations = (
				531B43CE1DDA7192003EA568 /* Debug */,
				531B43CF1DDA7192003EA568 /* Release */,
			);
			defaultConfigurationIsVisible = 0;
			defaultConfigurationName = Release;
		};
		531B43D01DDA7192003EA568 /* Build configuration list for PBXNativeTarget "Git-ICE-tm" */ = {
			isa = XCConfigurationList;
			buildConfigurations = (
				531B43D11DDA7192003EA568 /* Debug */,
				531B43D21DDA7192003EA568 /* Release */,
			);
			defaultConfigurationIsVisible = 0;
		};
/* End XCConfigurationList section */
	};
	rootObject = 531B43B41DDA7192003EA568 /* Project object */;
}
